
Microsoft Visual Studio Solution File, Format Version 12.00
# Visual Studio 14
VisualStudioVersion = 14.0.25420.1
MinimumVisualStudioVersion = 10.0.40219.1
Project("{FAE04EC0-301F-11D3-BF4B-00C04F79EFBC}") = "BlocoDeNotas", "BlocoDeNotas\BlocoDeNotas.csproj", "{CEDFE1A1-F28A-478E-B48A-3F9DCB88A254}"
EndProject
Global
	GlobalSection(SolutionConfigurationPlatforms) = preSolution
		Debug|Any CPU = Debug|Any CPU
		Release|Any CPU = Release|Any CPU
	EndGlobalSection
	GlobalSection(ProjectConfigurationPlatforms) = postSolution
		{CEDFE1A1-F28A-478E-B48A-3F9DCB88A254}.Debug|Any CPU.ActiveCfg = Debug|Any CPU
		{CEDFE1A1-F28A-478E-B48A-3F9DCB88A254}.Debug|Any CPU.Build.0 = Debug|Any CPU
		{CEDFE1A1-F28A-478E-B48A-3F9DCB88A254}.Release|Any CPU.ActiveCfg = Release|Any CPU
		{CEDFE1A1-F28A-478E-B48A-3F9DCB88A254}.Release|Any CPU.Build.0 = Release|Any CPU
	EndGlobalSection
	GlobalSection(SolutionProperties) = preSolution
		HideSolutionNode = FALSE
	EndGlobalSection
EndGlobal
